
Microsoft Visual Studio Solution File, Format Version 12.00
# Visual Studio Version 17
VisualStudioVersion = 17.4.33213.308
MinimumVisualStudioVersion = 10.0.40219.1
Project("{9A19103F-16F7-4668-BE54-9A1E7A4F7556}") = "DummyDB.Desktop", "DummyDB.Desktop.csproj", "{8FBC3C73-2BC8-4517-B2AC-A07776F0107C}"
	ProjectSection(ProjectDependencies) = postProject
		{78A20A04-3E2C-4295-9392-B7A09A892489} = {78A20A04-3E2C-4295-9392-B7A09A892489}
	EndProjectSection
EndProject
Project("{FAE04EC0-301F-11D3-BF4B-00C04F79EFBC}") = "DummyDB.Core", "..\DummyDB.Core\DummyDB.Core.csproj", "{78A20A04-3E2C-4295-9392-B7A09A892489}"
EndProject
Global
	GlobalSection(SolutionConfigurationPlatforms) = preSolution
		Debug|Any CPU = Debug|Any CPU
		Release|Any CPU = Release|Any CPU
	EndGlobalSection
	GlobalSection(ProjectConfigurationPlatforms) = postSolution
		{8FBC3C73-2BC8-4517-B2AC-A07776F0107C}.Debug|Any CPU.ActiveCfg = Debug|Any CPU
		{8FBC3C73-2BC8-4517-B2AC-A07776F0107C}.Debug|Any CPU.Build.0 = Debug|Any CPU
		{8FBC3C73-2BC8-4517-B2AC-A07776F0107C}.Release|Any CPU.ActiveCfg = Release|Any CPU
		{8FBC3C73-2BC8-4517-B2AC-A07776F0107C}.Release|Any CPU.Build.0 = Release|Any CPU
		{78A20A04-3E2C-4295-9392-B7A09A892489}.Debug|Any CPU.ActiveCfg = Debug|Any CPU
		{78A20A04-3E2C-4295-9392-B7A09A892489}.Debug|Any CPU.Build.0 = Debug|Any CPU
		{78A20A04-3E2C-4295-9392-B7A09A892489}.Release|Any CPU.ActiveCfg = Release|Any CPU
		{78A20A04-3E2C-4295-9392-B7A09A892489}.Release|Any CPU.Build.0 = Release|Any CPU
	EndGlobalSection
	GlobalSection(SolutionProperties) = preSolution
		HideSolutionNode = FALSE
	EndGlobalSection
	GlobalSection(ExtensibilityGlobals) = postSolution
		SolutionGuid = {00A60CB6-D8C5-4E41-A96C-5C6799F7947F}
	EndGlobalSection
EndGlobal
